
Microsoft Visual Studio Solution File, Format Version 12.00
Project("{FAE04EC0-301F-11D3-BF4B-00C04F79EFBC}") = "FinanceManagerBackend.API", "FinanceManagerBackend.API\FinanceManagerBackend.API.csproj", "{059D1BF0-1946-431F-A6BB-045010185BBD}"
EndProject
Global
	GlobalSection(SolutionConfigurationPlatforms) = preSolution
		Debug|Any CPU = Debug|Any CPU
		Release|Any CPU = Release|Any CPU
	EndGlobalSection
	GlobalSection(ProjectConfigurationPlatforms) = postSolution
		{059D1BF0-1946-431F-A6BB-045010185BBD}.Debug|Any CPU.ActiveCfg = Debug|Any CPU
		{059D1BF0-1946-431F-A6BB-045010185BBD}.Debug|Any CPU.Build.0 = Debug|Any CPU
		{059D1BF0-1946-431F-A6BB-045010185BBD}.Release|Any CPU.ActiveCfg = Release|Any CPU
		{059D1BF0-1946-431F-A6BB-045010185BBD}.Release|Any CPU.Build.0 = Release|Any CPU
	EndGlobalSection
EndGlobal
